
Microsoft Visual Studio Solution File, Format Version 12.00
# Visual Studio Version 16
VisualStudioVersion = 16.0.30413.136
MinimumVisualStudioVersion = 10.0.40219.1
Project("{FAE04EC0-301F-11D3-BF4B-00C04F79EFBC}") = "PatagonianChallengeAPI", "PatagonianChallengeAPI\PatagonianChallengeAPI.csproj", "{6BA64F77-CDF6-4F70-8BC6-EEE5D6219CF0}"
EndProject
Global
	GlobalSection(SolutionConfigurationPlatforms) = preSolution
		Debug|Any CPU = Debug|Any CPU
		Release|Any CPU = Release|Any CPU
	EndGlobalSection
	GlobalSection(ProjectConfigurationPlatforms) = postSolution
		{6BA64F77-CDF6-4F70-8BC6-EEE5D6219CF0}.Debug|Any CPU.ActiveCfg = Debug|Any CPU
		{6BA64F77-CDF6-4F70-8BC6-EEE5D6219CF0}.Debug|Any CPU.Build.0 = Debug|Any CPU
		{6BA64F77-CDF6-4F70-8BC6-EEE5D6219CF0}.Release|Any CPU.ActiveCfg = Release|Any CPU
		{6BA64F77-CDF6-4F70-8BC6-EEE5D6219CF0}.Release|Any CPU.Build.0 = Release|Any CPU
	EndGlobalSection
	GlobalSection(SolutionProperties) = preSolution
		HideSolutionNode = FALSE
	EndGlobalSection
	GlobalSection(ExtensibilityGlobals) = postSolution
		SolutionGuid = {9425DB11-3187-43B5-B68C-1511E067B0CD}
	EndGlobalSection
EndGlobal
